
Microsoft Visual Studio Solution File, Format Version 12.00
# Visual Studio Version 17
VisualStudioVersion = 17.4.33205.214
MinimumVisualStudioVersion = 10.0.40219.1
Project("{FAE04EC0-301F-11D3-BF4B-00C04F79EFBC}") = "CountLinesExtension", "CountLinesExtension.csproj", "{E48D396E-04AC-40C8-9046-66A896EF3568}"
EndProject
Global
	GlobalSection(SolutionConfigurationPlatforms) = preSolution
		Debug|Any CPU = Debug|Any CPU
		Release|Any CPU = Release|Any CPU
	EndGlobalSection
	GlobalSection(ProjectConfigurationPlatforms) = postSolution
		{E48D396E-04AC-40C8-9046-66A896EF3568}.Debug|Any CPU.ActiveCfg = Debug|Any CPU
		{E48D396E-04AC-40C8-9046-66A896EF3568}.Debug|Any CPU.Build.0 = Debug|Any CPU
		{E48D396E-04AC-40C8-9046-66A896EF3568}.Release|Any CPU.ActiveCfg = Release|Any CPU
		{E48D396E-04AC-40C8-9046-66A896EF3568}.Release|Any CPU.Build.0 = Release|Any CPU
	EndGlobalSection
	GlobalSection(SolutionProperties) = preSolution
		HideSolutionNode = FALSE
	EndGlobalSection
	GlobalSection(ExtensibilityGlobals) = postSolution
		SolutionGuid = {2FA2AA8F-28B5-4CDB-8620-0FD5F3E0E158}
	EndGlobalSection
EndGlobal
